
Microsoft Visual Studio Solution File, Format Version 12.00
# Visual Studio Version 17
VisualStudioVersion = 17.5.33516.290
MinimumVisualStudioVersion = 10.0.40219.1
Project("{2150E333-8FDC-42A3-9474-1A3956D46DE8}") = "Services", "Services", "{8A79198A-2960-49DC-AB6E-F4D76F76478E}"
EndProject
Project("{2150E333-8FDC-42A3-9474-1A3956D46DE8}") = "Catalog", "Catalog", "{15A2E610-E7C1-43D6-A24C-7E8C044DBC3B}"
EndProject
Project("{9A19103F-16F7-4668-BE54-9A1E7A4F7556}") = "Catalog.API", "Services\Catalog\Catalog.API\Catalog.API.csproj", "{0AEEFF9D-12FE-43D2-94E5-E7B1B42BD053}"
EndProject
Project("{E53339B2-1760-4266-BCC7-CA923CBCF16C}") = "docker-compose", "docker-compose.dcproj", "{93992950-3FB5-47EA-A721-711528D440A5}"
EndProject
Project("{2150E333-8FDC-42A3-9474-1A3956D46DE8}") = "Basket", "Basket", "{F0307063-691F-4D5D-A352-20370590A0ED}"
EndProject
Project("{9A19103F-16F7-4668-BE54-9A1E7A4F7556}") = "Basket.API", "Services\Basket\Basket.API\Basket.API.csproj", "{D80F867C-3DA4-4847-8CC4-AF1A8D63043D}"
EndProject
Project("{2150E333-8FDC-42A3-9474-1A3956D46DE8}") = "Discount", "Discount", "{B237C93E-09D3-413C-8C17-5B17E1DEFB94}"
EndProject
Project("{9A19103F-16F7-4668-BE54-9A1E7A4F7556}") = "Discount.API", "Services\Discount\Discount.API\Discount.API.csproj", "{F62E6751-47A1-49A1-A93E-C60B5F72EF0E}"
EndProject
Project("{9A19103F-16F7-4668-BE54-9A1E7A4F7556}") = "Discount.Grpc", "Services\Discount\Discount.Grpc\Discount.Grpc.csproj", "{5ABF08D0-FDF7-4B0A-A580-F332368B3F80}"
EndProject
Project("{2150E333-8FDC-42A3-9474-1A3956D46DE8}") = "Ordering", "Ordering", "{A68FEC65-6F2B-4E54-B793-ECDF057CF38F}"
EndProject
Project("{9A19103F-16F7-4668-BE54-9A1E7A4F7556}") = "Ordering.API", "Services\Ordering\Ordering.API\Ordering.API.csproj", "{3EBDDA3D-81FC-437D-BA3C-615F671D146B}"
EndProject
Project("{9A19103F-16F7-4668-BE54-9A1E7A4F7556}") = "Ordering.Domain", "Services\Ordering\Ordering.Domain\Ordering.Domain.csproj", "{9ABA4C68-EED9-44A3-9B28-BA94C775F039}"
EndProject
Project("{9A19103F-16F7-4668-BE54-9A1E7A4F7556}") = "Ordering.Application", "Services\Ordering\Ordering.Application\Ordering.Application.csproj", "{B32535DB-0E89-4ED2-8452-C93C0776B02D}"
EndProject
Project("{9A19103F-16F7-4668-BE54-9A1E7A4F7556}") = "Ordering.Infrastructure", "Services\Ordering\Ordering.Infrastructure\Ordering.Infrastructure.csproj", "{BD37FCFF-290D-4997-81F7-0E68397C38C3}"
EndProject
Project("{2150E333-8FDC-42A3-9474-1A3956D46DE8}") = "BuildingBlocks", "BuildingBlocks", "{9AFD29CA-40F1-4B76-B6AE-753D904265F3}"
EndProject
Project("{9A19103F-16F7-4668-BE54-9A1E7A4F7556}") = "EventBus.Messages", "BuildingBlocks\EventBus.Messages\EventBus.Messages.csproj", "{61B8134C-1AE0-4766-88E4-13C40CB96C68}"
EndProject
Project("{2150E333-8FDC-42A3-9474-1A3956D46DE8}") = "ApiGateways", "ApiGateways", "{ED4B254B-8760-419B-8833-4A0AA5488AB5}"
EndProject
Project("{FAE04EC0-301F-11D3-BF4B-00C04F79EFBC}") = "OcelotApiGw", "ApiGateways\OcelotApiGw\OcelotApiGw.csproj", "{F42ABA24-5313-4EEA-B4D8-2649C591B970}"
EndProject
Global
	GlobalSection(SolutionConfigurationPlatforms) = preSolution
		Debug|Any CPU = Debug|Any CPU
		Release|Any CPU = Release|Any CPU
	EndGlobalSection
	GlobalSection(ProjectConfigurationPlatforms) = postSolution
		{0AEEFF9D-12FE-43D2-94E5-E7B1B42BD053}.Debug|Any CPU.ActiveCfg = Debug|Any CPU
		{0AEEFF9D-12FE-43D2-94E5-E7B1B42BD053}.Debug|Any CPU.Build.0 = Debug|Any CPU
		{0AEEFF9D-12FE-43D2-94E5-E7B1B42BD053}.Release|Any CPU.ActiveCfg = Release|Any CPU
		{0AEEFF9D-12FE-43D2-94E5-E7B1B42BD053}.Release|Any CPU.Build.0 = Release|Any CPU
		{93992950-3FB5-47EA-A721-711528D440A5}.Debug|Any CPU.ActiveCfg = Debug|Any CPU
		{93992950-3FB5-47EA-A721-711528D440A5}.Debug|Any CPU.Build.0 = Debug|Any CPU
		{93992950-3FB5-47EA-A721-711528D440A5}.Release|Any CPU.ActiveCfg = Release|Any CPU
		{93992950-3FB5-47EA-A721-711528D440A5}.Release|Any CPU.Build.0 = Release|Any CPU
		{D80F867C-3DA4-4847-8CC4-AF1A8D63043D}.Debug|Any CPU.ActiveCfg = Debug|Any CPU
		{D80F867C-3DA4-4847-8CC4-AF1A8D63043D}.Debug|Any CPU.Build.0 = Debug|Any CPU
		{D80F867C-3DA4-4847-8CC4-AF1A8D63043D}.Release|Any CPU.ActiveCfg = Release|Any CPU
		{D80F867C-3DA4-4847-8CC4-AF1A8D63043D}.Release|Any CPU.Build.0 = Release|Any CPU
		{F62E6751-47A1-49A1-A93E-C60B5F72EF0E}.Debug|Any CPU.ActiveCfg = Debug|Any CPU
		{F62E6751-47A1-49A1-A93E-C60B5F72EF0E}.Debug|Any CPU.Build.0 = Debug|Any CPU
		{F62E6751-47A1-49A1-A93E-C60B5F72EF0E}.Release|Any CPU.ActiveCfg = Release|Any CPU
		{F62E6751-47A1-49A1-A93E-C60B5F72EF0E}.Release|Any CPU.Build.0 = Release|Any CPU
		{5ABF08D0-FDF7-4B0A-A580-F332368B3F80}.Debug|Any CPU.ActiveCfg = Debug|Any CPU
		{5ABF08D0-FDF7-4B0A-A580-F332368B3F80}.Debug|Any CPU.Build.0 = Debug|Any CPU
		{5ABF08D0-FDF7-4B0A-A580-F332368B3F80}.Release|Any CPU.ActiveCfg = Release|Any CPU
		{5ABF08D0-FDF7-4B0A-A580-F332368B3F80}.Release|Any CPU.Build.0 = Release|Any CPU
		{3EBDDA3D-81FC-437D-BA3C-615F671D146B}.Debug|Any CPU.ActiveCfg = Debug|Any CPU
		{3EBDDA3D-81FC-437D-BA3C-615F671D146B}.Debug|Any CPU.Build.0 = Debug|Any CPU
		{3EBDDA3D-81FC-437D-BA3C-615F671D146B}.Release|Any CPU.ActiveCfg = Release|Any CPU
		{3EBDDA3D-81FC-437D-BA3C-615F671D146B}.Release|Any CPU.Build.0 = Release|Any CPU
		{9ABA4C68-EED9-44A3-9B28-BA94C775F039}.Debug|Any CPU.ActiveCfg = Debug|Any CPU
		{9ABA4C68-EED9-44A3-9B28-BA94C775F039}.Debug|Any CPU.Build.0 = Debug|Any CPU
		{9ABA4C68-EED9-44A3-9B28-BA94C775F039}.Release|Any CPU.ActiveCfg = Release|Any CPU
		{9ABA4C68-EED9-44A3-9B28-BA94C775F039}.Release|Any CPU.Build.0 = Release|Any CPU
		{B32535DB-0E89-4ED2-8452-C93C0776B02D}.Debug|Any CPU.ActiveCfg = Debug|Any CPU
		{B32535DB-0E89-4ED2-8452-C93C0776B02D}.Debug|Any CPU.Build.0 = Debug|Any CPU
		{B32535DB-0E89-4ED2-8452-C93C0776B02D}.Release|Any CPU.ActiveCfg = Release|Any CPU
		{B32535DB-0E89-4ED2-8452-C93C0776B02D}.Release|Any CPU.Build.0 = Release|Any CPU
		{BD37FCFF-290D-4997-81F7-0E68397C38C3}.Debug|Any CPU.ActiveCfg = Debug|Any CPU
		{BD37FCFF-290D-4997-81F7-0E68397C38C3}.Debug|Any CPU.Build.0 = Debug|Any CPU
		{BD37FCFF-290D-4997-81F7-0E68397C38C3}.Release|Any CPU.ActiveCfg = Release|Any CPU
		{BD37FCFF-290D-4997-81F7-0E68397C38C3}.Release|Any CPU.Build.0 = Release|Any CPU
		{61B8134C-1AE0-4766-88E4-13C40CB96C68}.Debug|Any CPU.ActiveCfg = Debug|Any CPU
		{61B8134C-1AE0-4766-88E4-13C40CB96C68}.Debug|Any CPU.Build.0 = Debug|Any CPU
		{61B8134C-1AE0-4766-88E4-13C40CB96C68}.Release|Any CPU.ActiveCfg = Release|Any CPU
		{61B8134C-1AE0-4766-88E4-13C40CB96C68}.Release|Any CPU.Build.0 = Release|Any CPU
		{F42ABA24-5313-4EEA-B4D8-2649C591B970}.Debug|Any CPU.ActiveCfg = Debug|Any CPU
		{F42ABA24-5313-4EEA-B4D8-2649C591B970}.Debug|Any CPU.Build.0 = Debug|Any CPU
		{F42ABA24-5313-4EEA-B4D8-2649C591B970}.Release|Any CPU.ActiveCfg = Release|Any CPU
		{F42ABA24-5313-4EEA-B4D8-2649C591B970}.Release|Any CPU.Build.0 = Release|Any CPU
	EndGlobalSection
	GlobalSection(SolutionProperties) = preSolution
		HideSolutionNode = FALSE
	EndGlobalSection
	GlobalSection(NestedProjects) = preSolution
		{15A2E610-E7C1-43D6-A24C-7E8C044DBC3B} = {8A79198A-2960-49DC-AB6E-F4D76F76478E}
		{0AEEFF9D-12FE-43D2-94E5-E7B1B42BD053} = {15A2E610-E7C1-43D6-A24C-7E8C044DBC3B}
		{F0307063-691F-4D5D-A352-20370590A0ED} = {8A79198A-2960-49DC-AB6E-F4D76F76478E}
		{D80F867C-3DA4-4847-8CC4-AF1A8D63043D} = {F0307063-691F-4D5D-A352-20370590A0ED}
		{B237C93E-09D3-413C-8C17-5B17E1DEFB94} = {8A79198A-2960-49DC-AB6E-F4D76F76478E}
		{F62E6751-47A1-49A1-A93E-C60B5F72EF0E} = {B237C93E-09D3-413C-8C17-5B17E1DEFB94}
		{5ABF08D0-FDF7-4B0A-A580-F332368B3F80} = {B237C93E-09D3-413C-8C17-5B17E1DEFB94}
		{A68FEC65-6F2B-4E54-B793-ECDF057CF38F} = {8A79198A-2960-49DC-AB6E-F4D76F76478E}
		{3EBDDA3D-81FC-437D-BA3C-615F671D146B} = {A68FEC65-6F2B-4E54-B793-ECDF057CF38F}
		{9ABA4C68-EED9-44A3-9B28-BA94C775F039} = {A68FEC65-6F2B-4E54-B793-ECDF057CF38F}
		{B32535DB-0E89-4ED2-8452-C93C0776B02D} = {A68FEC65-6F2B-4E54-B793-ECDF057CF38F}
		{BD37FCFF-290D-4997-81F7-0E68397C38C3} = {A68FEC65-6F2B-4E54-B793-ECDF057CF38F}
		{61B8134C-1AE0-4766-88E4-13C40CB96C68} = {9AFD29CA-40F1-4B76-B6AE-753D904265F3}
		{F42ABA24-5313-4EEA-B4D8-2649C591B970} = {ED4B254B-8760-419B-8833-4A0AA5488AB5}
	EndGlobalSection
	GlobalSection(ExtensibilityGlobals) = postSolution
		SolutionGuid = {ED92535A-FACA-4D0C-908B-AE15BE7129F7}
	EndGlobalSection
EndGlobal
