
Microsoft Visual Studio Solution File, Format Version 12.00
# Visual Studio Version 17
VisualStudioVersion = 17.5.33516.290
MinimumVisualStudioVersion = 10.0.40219.1
Project("{2150E333-8FDC-42A3-9474-1A3956D46DE8}") = "Services", "Services", "{8A79198A-2960-49DC-AB6E-F4D76F76478E}"
EndProject
Project("{2150E333-8FDC-42A3-9474-1A3956D46DE8}") = "Catalog", "Catalog", "{15A2E610-E7C1-43D6-A24C-7E8C044DBC3B}"
EndProject
Project("{9A19103F-16F7-4668-BE54-9A1E7A4F7556}") = "Catalog.API", "Services\Catalog\Catalog.API\Catalog.API.csproj", "{0AEEFF9D-12FE-43D2-94E5-E7B1B42BD053}"
EndProject
Project("{E53339B2-1760-4266-BCC7-CA923CBCF16C}") = "docker-compose", "docker-compose.dcproj", "{93992950-3FB5-47EA-A721-711528D440A5}"
EndProject
Global
	GlobalSection(SolutionConfigurationPlatforms) = preSolution
		Debug|Any CPU = Debug|Any CPU
		Release|Any CPU = Release|Any CPU
	EndGlobalSection
	GlobalSection(ProjectConfigurationPlatforms) = postSolution
		{0AEEFF9D-12FE-43D2-94E5-E7B1B42BD053}.Debug|Any CPU.ActiveCfg = Debug|Any CPU
		{0AEEFF9D-12FE-43D2-94E5-E7B1B42BD053}.Debug|Any CPU.Build.0 = Debug|Any CPU
		{0AEEFF9D-12FE-43D2-94E5-E7B1B42BD053}.Release|Any CPU.ActiveCfg = Release|Any CPU
		{0AEEFF9D-12FE-43D2-94E5-E7B1B42BD053}.Release|Any CPU.Build.0 = Release|Any CPU
		{93992950-3FB5-47EA-A721-711528D440A5}.Debug|Any CPU.ActiveCfg = Debug|Any CPU
		{93992950-3FB5-47EA-A721-711528D440A5}.Debug|Any CPU.Build.0 = Debug|Any CPU
		{93992950-3FB5-47EA-A721-711528D440A5}.Release|Any CPU.ActiveCfg = Release|Any CPU
		{93992950-3FB5-47EA-A721-711528D440A5}.Release|Any CPU.Build.0 = Release|Any CPU
	EndGlobalSection
	GlobalSection(SolutionProperties) = preSolution
		HideSolutionNode = FALSE
	EndGlobalSection
	GlobalSection(NestedProjects) = preSolution
		{15A2E610-E7C1-43D6-A24C-7E8C044DBC3B} = {8A79198A-2960-49DC-AB6E-F4D76F76478E}
		{0AEEFF9D-12FE-43D2-94E5-E7B1B42BD053} = {15A2E610-E7C1-43D6-A24C-7E8C044DBC3B}
	EndGlobalSection
	GlobalSection(ExtensibilityGlobals) = postSolution
		SolutionGuid = {ED92535A-FACA-4D0C-908B-AE15BE7129F7}
	EndGlobalSection
EndGlobal
